
Microsoft Visual Studio Solution File, Format Version 11.00
# Visual Studio 2010
Project("{FAE04EC0-301F-11D3-BF4B-00C04F79EFBC}") = "infinity runner", "Assembly-CSharp-firstpass.csproj", "{0ABDEA93-4127-E8C1-8A5E-FD59DDDA90CF}"
EndProject
Project("{FAE04EC0-301F-11D3-BF4B-00C04F79EFBC}") = "infinity runner", "Assembly-CSharp.csproj", "{BAB76086-C2A3-A8EF-B931-BBA8EDA2175C}"
EndProject
Project("{FAE04EC0-301F-11D3-BF4B-00C04F79EFBC}") = "infinity runner", "Assembly-CSharp-Editor-firstpass.csproj", "{BE7B0153-FB18-1AB4-C6BF-69709E659C58}"
EndProject
Project("{FAE04EC0-301F-11D3-BF4B-00C04F79EFBC}") = "infinity runner", "Assembly-UnityScript.unityproj", "{87C213B1-F611-9217-77D0-CA660E642F00}"
EndProject
Global
	GlobalSection(SolutionConfigurationPlatforms) = preSolution
		Debug|Any CPU = Debug|Any CPU
		Release|Any CPU = Release|Any CPU
	EndGlobalSection
	GlobalSection(ProjectConfigurationPlatforms) = postSolution
		{0ABDEA93-4127-E8C1-8A5E-FD59DDDA90CF}.Debug|Any CPU.ActiveCfg = Debug|Any CPU
		{0ABDEA93-4127-E8C1-8A5E-FD59DDDA90CF}.Debug|Any CPU.Build.0 = Debug|Any CPU
		{0ABDEA93-4127-E8C1-8A5E-FD59DDDA90CF}.Release|Any CPU.ActiveCfg = Release|Any CPU
		{0ABDEA93-4127-E8C1-8A5E-FD59DDDA90CF}.Release|Any CPU.Build.0 = Release|Any CPU
		{BAB76086-C2A3-A8EF-B931-BBA8EDA2175C}.Debug|Any CPU.ActiveCfg = Debug|Any CPU
		{BAB76086-C2A3-A8EF-B931-BBA8EDA2175C}.Debug|Any CPU.Build.0 = Debug|Any CPU
		{BAB76086-C2A3-A8EF-B931-BBA8EDA2175C}.Release|Any CPU.ActiveCfg = Release|Any CPU
		{BAB76086-C2A3-A8EF-B931-BBA8EDA2175C}.Release|Any CPU.Build.0 = Release|Any CPU
		{BE7B0153-FB18-1AB4-C6BF-69709E659C58}.Debug|Any CPU.ActiveCfg = Debug|Any CPU
		{BE7B0153-FB18-1AB4-C6BF-69709E659C58}.Debug|Any CPU.Build.0 = Debug|Any CPU
		{BE7B0153-FB18-1AB4-C6BF-69709E659C58}.Release|Any CPU.ActiveCfg = Release|Any CPU
		{BE7B0153-FB18-1AB4-C6BF-69709E659C58}.Release|Any CPU.Build.0 = Release|Any CPU
		{87C213B1-F611-9217-77D0-CA660E642F00}.Debug|Any CPU.ActiveCfg = Debug|Any CPU
		{87C213B1-F611-9217-77D0-CA660E642F00}.Debug|Any CPU.Build.0 = Debug|Any CPU
		{87C213B1-F611-9217-77D0-CA660E642F00}.Release|Any CPU.ActiveCfg = Release|Any CPU
		{87C213B1-F611-9217-77D0-CA660E642F00}.Release|Any CPU.Build.0 = Release|Any CPU
	EndGlobalSection
	GlobalSection(SolutionProperties) = preSolution
		HideSolutionNode = FALSE
	EndGlobalSection
	GlobalSection(MonoDevelopProperties) = preSolution
		StartupItem = Assembly-CSharp.csproj
	EndGlobalSection
EndGlobal
